
Microsoft Visual Studio Solution File, Format Version 12.00
# Visual Studio Version 17
VisualStudioVersion = 17.8.34316.72
MinimumVisualStudioVersion = 10.0.40219.1
Project("{FAE04EC0-301F-11D3-BF4B-00C04F79EFBC}") = "VstuReytingParser", "VstuReytingParser\VstuReytingParser.csproj", "{47608173-B2AA-409B-BA57-E822C3EB12B1}"
EndProject
Global
	GlobalSection(SolutionConfigurationPlatforms) = preSolution
		Debug|Any CPU = Debug|Any CPU
		Release|Any CPU = Release|Any CPU
	EndGlobalSection
	GlobalSection(ProjectConfigurationPlatforms) = postSolution
		{47608173-B2AA-409B-BA57-E822C3EB12B1}.Debug|Any CPU.ActiveCfg = Debug|Any CPU
		{47608173-B2AA-409B-BA57-E822C3EB12B1}.Debug|Any CPU.Build.0 = Debug|Any CPU
		{47608173-B2AA-409B-BA57-E822C3EB12B1}.Release|Any CPU.ActiveCfg = Release|Any CPU
		{47608173-B2AA-409B-BA57-E822C3EB12B1}.Release|Any CPU.Build.0 = Release|Any CPU
	EndGlobalSection
	GlobalSection(SolutionProperties) = preSolution
		HideSolutionNode = FALSE
	EndGlobalSection
	GlobalSection(ExtensibilityGlobals) = postSolution
		SolutionGuid = {4E74FA62-CF70-4A31-9704-F2CAE61772F7}
	EndGlobalSection
EndGlobal
